
Microsoft Visual Studio Solution File, Format Version 12.00
# Visual Studio Version 16
VisualStudioVersion = 16.0.808.7
MinimumVisualStudioVersion = 10.0.40219.1
Project("{FAE04EC0-301F-11D3-BF4B-00C04F79EFBC}") = "ExpandCollapseAnimationWithCalendar.Android", "ExpandCollapseAnimationWithCalendar.Android\ExpandCollapseAnimationWithCalendar.Android.csproj", "{7A2DAAF8-F292-4952-987F-AD17B65312A9}"
EndProject
Project("{FAE04EC0-301F-11D3-BF4B-00C04F79EFBC}") = "ExpandCollapseAnimationWithCalendar.iOS", "ExpandCollapseAnimationWithCalendar.iOS\ExpandCollapseAnimationWithCalendar.iOS.csproj", "{2B9C8200-B17E-4F43-9B39-8CD642C8625A}"
EndProject
Project("{FAE04EC0-301F-11D3-BF4B-00C04F79EFBC}") = "ExpandCollapseAnimationWithCalendar", "ExpandCollapseAnimationWithCalendar\ExpandCollapseAnimationWithCalendar.csproj", "{51190ABB-25B4-4DE2-9965-7D0578D1609D}"
EndProject
Global
	GlobalSection(SolutionConfigurationPlatforms) = preSolution
		Debug|Any CPU = Debug|Any CPU
		Release|Any CPU = Release|Any CPU
		Debug|iPhoneSimulator = Debug|iPhoneSimulator
		Release|iPhoneSimulator = Release|iPhoneSimulator
		Debug|iPhone = Debug|iPhone
		Release|iPhone = Release|iPhone
	EndGlobalSection
	GlobalSection(ProjectConfigurationPlatforms) = postSolution
		{7A2DAAF8-F292-4952-987F-AD17B65312A9}.Debug|Any CPU.ActiveCfg = Debug|Any CPU
		{7A2DAAF8-F292-4952-987F-AD17B65312A9}.Debug|Any CPU.Build.0 = Debug|Any CPU
		{7A2DAAF8-F292-4952-987F-AD17B65312A9}.Release|Any CPU.ActiveCfg = Release|Any CPU
		{7A2DAAF8-F292-4952-987F-AD17B65312A9}.Release|Any CPU.Build.0 = Release|Any CPU
		{7A2DAAF8-F292-4952-987F-AD17B65312A9}.Debug|iPhoneSimulator.ActiveCfg = Debug|Any CPU
		{7A2DAAF8-F292-4952-987F-AD17B65312A9}.Debug|iPhoneSimulator.Build.0 = Debug|Any CPU
		{7A2DAAF8-F292-4952-987F-AD17B65312A9}.Release|iPhoneSimulator.ActiveCfg = Release|Any CPU
		{7A2DAAF8-F292-4952-987F-AD17B65312A9}.Release|iPhoneSimulator.Build.0 = Release|Any CPU
		{7A2DAAF8-F292-4952-987F-AD17B65312A9}.Debug|iPhone.ActiveCfg = Debug|Any CPU
		{7A2DAAF8-F292-4952-987F-AD17B65312A9}.Debug|iPhone.Build.0 = Debug|Any CPU
		{7A2DAAF8-F292-4952-987F-AD17B65312A9}.Release|iPhone.ActiveCfg = Release|Any CPU
		{7A2DAAF8-F292-4952-987F-AD17B65312A9}.Release|iPhone.Build.0 = Release|Any CPU
		{2B9C8200-B17E-4F43-9B39-8CD642C8625A}.Debug|Any CPU.ActiveCfg = Debug|iPhoneSimulator
		{2B9C8200-B17E-4F43-9B39-8CD642C8625A}.Debug|Any CPU.Build.0 = Debug|iPhoneSimulator
		{2B9C8200-B17E-4F43-9B39-8CD642C8625A}.Release|Any CPU.ActiveCfg = Release|iPhoneSimulator
		{2B9C8200-B17E-4F43-9B39-8CD642C8625A}.Release|Any CPU.Build.0 = Release|iPhoneSimulator
		{2B9C8200-B17E-4F43-9B39-8CD642C8625A}.Debug|iPhoneSimulator.ActiveCfg = Debug|iPhoneSimulator
		{2B9C8200-B17E-4F43-9B39-8CD642C8625A}.Debug|iPhoneSimulator.Build.0 = Debug|iPhoneSimulator
		{2B9C8200-B17E-4F43-9B39-8CD642C8625A}.Release|iPhoneSimulator.ActiveCfg = Release|iPhoneSimulator
		{2B9C8200-B17E-4F43-9B39-8CD642C8625A}.Release|iPhoneSimulator.Build.0 = Release|iPhoneSimulator
		{2B9C8200-B17E-4F43-9B39-8CD642C8625A}.Debug|iPhone.ActiveCfg = Debug|iPhone
		{2B9C8200-B17E-4F43-9B39-8CD642C8625A}.Debug|iPhone.Build.0 = Debug|iPhone
		{2B9C8200-B17E-4F43-9B39-8CD642C8625A}.Release|iPhone.ActiveCfg = Release|iPhone
		{2B9C8200-B17E-4F43-9B39-8CD642C8625A}.Release|iPhone.Build.0 = Release|iPhone
		{51190ABB-25B4-4DE2-9965-7D0578D1609D}.Debug|Any CPU.ActiveCfg = Debug|Any CPU
		{51190ABB-25B4-4DE2-9965-7D0578D1609D}.Debug|Any CPU.Build.0 = Debug|Any CPU
		{51190ABB-25B4-4DE2-9965-7D0578D1609D}.Release|Any CPU.ActiveCfg = Release|Any CPU
		{51190ABB-25B4-4DE2-9965-7D0578D1609D}.Release|Any CPU.Build.0 = Release|Any CPU
		{51190ABB-25B4-4DE2-9965-7D0578D1609D}.Debug|iPhoneSimulator.ActiveCfg = Debug|Any CPU
		{51190ABB-25B4-4DE2-9965-7D0578D1609D}.Debug|iPhoneSimulator.Build.0 = Debug|Any CPU
		{51190ABB-25B4-4DE2-9965-7D0578D1609D}.Release|iPhoneSimulator.ActiveCfg = Release|Any CPU
		{51190ABB-25B4-4DE2-9965-7D0578D1609D}.Release|iPhoneSimulator.Build.0 = Release|Any CPU
		{51190ABB-25B4-4DE2-9965-7D0578D1609D}.Debug|iPhone.ActiveCfg = Debug|Any CPU
		{51190ABB-25B4-4DE2-9965-7D0578D1609D}.Debug|iPhone.Build.0 = Debug|Any CPU
		{51190ABB-25B4-4DE2-9965-7D0578D1609D}.Release|iPhone.ActiveCfg = Release|Any CPU
		{51190ABB-25B4-4DE2-9965-7D0578D1609D}.Release|iPhone.Build.0 = Release|Any CPU
	EndGlobalSection
	GlobalSection(SolutionProperties) = preSolution
		HideSolutionNode = FALSE
	EndGlobalSection
	GlobalSection(ExtensibilityGlobals) = postSolution
		SolutionGuid = {098463FF-79CA-44B4-903B-76AE59BB0EEB}
	EndGlobalSection
EndGlobal
